{
  "version": 4,
  "terraform_version": "1.14.7",
  "serial": 20,
  "lineage": "90a93f46-6469-d043-6c0f-df02ab6c509c",
  "outputs": {
    "ci_publisher_slug": {
      "value": "acme-ci-publisher",
      "type": "string"
    },
    "oidc_provider_slug": {
      "value": "github-actions-oidc-rowr",
      "type": "string"
    },
    "prod_promoter_slug": {
      "value": "acme-prod-promoter",
      "type": "string"
    },
    "prod_repository_url": {
      "value": "https://dl.cloudsmith.io/basic/atulya_s/acme-pypi-prod/python/simple/",
      "type": "string"
    },
    "qa_repository_url": {
      "value": "https://dl.cloudsmith.io/basic/atulya_s/acme-pypi-qa/python/simple/",
      "type": "string"
    }
  },
  "resources": [
    {
      "mode": "managed",
      "type": "cloudsmith_oidc",
      "name": "github_actions",
      "provider": "provider[\"registry.terraform.io/cloudsmith-io/cloudsmith\"]",
      "instances": [
        {
          "schema_version": 0,
          "attributes": {
            "claims": {
              "repository": "atulya2797/acme-data-utils"
            },
            "dynamic_mappings": [],
            "enabled": true,
            "id": "EFI09b9TQGGY",
            "mapping_claim": "",
            "name": "github-actions-oidc",
            "namespace": "atulya_s",
            "provider_url": "https://token.actions.githubusercontent.com",
            "service_accounts": [
              "acme-ci-publisher",
              "acme-prod-promoter"
            ],
            "slug": "github-actions-oidc-rowr",
            "slug_perm": "EFI09b9TQGGY"
          },
          "sensitive_attributes": [],
          "identity_schema_version": 0,
          "private": "bnVsbA==",
          "dependencies": [
            "cloudsmith_service.ci_publisher",
            "cloudsmith_service.prod_promoter",
            "cloudsmith_team.promoters",
            "cloudsmith_team.publishers"
          ]
        }
      ]
    },
    {
      "mode": "managed",
      "type": "cloudsmith_repository",
      "name": "prod",
      "provider": "provider[\"registry.terraform.io/cloudsmith-io/cloudsmith\"]",
      "instances": [
        {
          "schema_version": 0,
          "attributes": {
            "broadcast_state": "Off",
            "cdn_url": "https://dl.cloudsmith.io/basic/atulya_s/acme-pypi-prod",
            "contextual_auth_realm": true,
            "copy_own": true,
            "copy_packages": "Write",
            "created_at": "2026-03-19T06:34:56Z",
            "default_privilege": "None",
            "delete_own": true,
            "delete_packages": "Admin",
            "deleted_at": "",
            "description": "Production repository for approved acme-data-utils packages",
            "docker_refresh_tokens_enabled": false,
            "id": "QNbAdHzjzC0x",
            "index_files": true,
            "is_open_source": false,
            "is_private": true,
            "is_public": false,
            "move_own": true,
            "move_packages": "Admin",
            "name": "acme-pypi-prod",
            "namespace": "atulya_s",
            "namespace_url": "https://api.cloudsmith.io/v1/namespaces/atulya_s/",
            "proxy_npmjs": false,
            "proxy_pypi": false,
            "raw_package_index_enabled": false,
            "raw_package_index_signatures_enabled": false,
            "replace_packages": "Write",
            "replace_packages_by_default": false,
            "repository_type": "Private",
            "resync_own": true,
            "resync_packages": "Admin",
            "scan_own": true,
            "scan_packages": "Read",
            "self_html_url": "https://cloudsmith.io/~atulya_s/repos/acme-pypi-prod/packages/",
            "self_url": "https://api.cloudsmith.io/v1/repos/atulya_s/acme-pypi-prod/",
            "show_setup_all": false,
            "slug": "acme-pypi-prod",
            "slug_perm": "QNbAdHzjzC0x",
            "storage_region": "default",
            "strict_npm_validation": false,
            "tag_pre_releases_as_latest": false,
            "use_debian_labels": false,
            "use_default_cargo_upstream": true,
            "use_entitlements_privilege": "Read",
            "use_noarch_packages": true,
            "use_source_packages": true,
            "use_vulnerability_scanning": true,
            "user_entitlements_enabled": true,
            "view_statistics": "Read",
            "wait_for_deletion": true
          },
          "sensitive_attributes": [],
          "identity_schema_version": 0,
          "private": "bnVsbA=="
        }
      ]
    },
    {
      "mode": "managed",
      "type": "cloudsmith_repository",
      "name": "qa",
      "provider": "provider[\"registry.terraform.io/cloudsmith-io/cloudsmith\"]",
      "instances": [
        {
          "schema_version": 0,
          "attributes": {
            "broadcast_state": "Off",
            "cdn_url": "https://dl.cloudsmith.io/basic/atulya_s/acme-pypi-qa",
            "contextual_auth_realm": true,
            "copy_own": true,
            "copy_packages": "Write",
            "created_at": "2026-03-19T06:34:32Z",
            "default_privilege": "None",
            "delete_own": true,
            "delete_packages": "Admin",
            "deleted_at": "",
            "description": "QA / staging repository for acme-data-utils",
            "docker_refresh_tokens_enabled": false,
            "id": "9cJ2a2oJXJhL",
            "index_files": true,
            "is_open_source": false,
            "is_private": true,
            "is_public": false,
            "move_own": true,
            "move_packages": "Admin",
            "name": "acme-pypi-qa",
            "namespace": "atulya_s",
            "namespace_url": "https://api.cloudsmith.io/v1/namespaces/atulya_s/",
            "proxy_npmjs": false,
            "proxy_pypi": false,
            "raw_package_index_enabled": false,
            "raw_package_index_signatures_enabled": false,
            "replace_packages": "Write",
            "replace_packages_by_default": false,
            "repository_type": "Private",
            "resync_own": true,
            "resync_packages": "Admin",
            "scan_own": true,
            "scan_packages": "Read",
            "self_html_url": "https://cloudsmith.io/~atulya_s/repos/acme-pypi-qa/packages/",
            "self_url": "https://api.cloudsmith.io/v1/repos/atulya_s/acme-pypi-qa/",
            "show_setup_all": false,
            "slug": "acme-pypi-qa",
            "slug_perm": "9cJ2a2oJXJhL",
            "storage_region": "default",
            "strict_npm_validation": false,
            "tag_pre_releases_as_latest": false,
            "use_debian_labels": false,
            "use_default_cargo_upstream": true,
            "use_entitlements_privilege": "Read",
            "use_noarch_packages": true,
            "use_source_packages": true,
            "use_vulnerability_scanning": true,
            "user_entitlements_enabled": true,
            "view_statistics": "Read",
            "wait_for_deletion": true
          },
          "sensitive_attributes": [],
          "identity_schema_version": 0,
          "private": "bnVsbA=="
        }
      ]
    },
    {
      "mode": "managed",
      "type": "cloudsmith_repository_privileges",
      "name": "prod_publish",
      "provider": "provider[\"registry.terraform.io/cloudsmith-io/cloudsmith\"]",
      "instances": [
        {
          "schema_version": 0,
          "attributes": {
            "id": "atulya_s.acme-pypi-prod",
            "organization": "atulya_s",
            "repository": "acme-pypi-prod",
            "service": [],
            "team": [
              {
                "privilege": "Write",
                "slug": "prod-promoters"
              }
            ],
            "user": []
          },
          "sensitive_attributes": [],
          "identity_schema_version": 0,
          "private": "bnVsbA==",
          "dependencies": [
            "cloudsmith_repository.prod",
            "cloudsmith_team.promoters"
          ]
        }
      ]
    },
    {
      "mode": "managed",
      "type": "cloudsmith_repository_privileges",
      "name": "qa_publish",
      "provider": "provider[\"registry.terraform.io/cloudsmith-io/cloudsmith\"]",
      "instances": [
        {
          "schema_version": 0,
          "attributes": {
            "id": "atulya_s.acme-pypi-qa",
            "organization": "atulya_s",
            "repository": "acme-pypi-qa",
            "service": [],
            "team": [
              {
                "privilege": "Read",
                "slug": "prod-promoters"
              },
              {
                "privilege": "Write",
                "slug": "ci-publishers"
              }
            ],
            "user": []
          },
          "sensitive_attributes": [],
          "identity_schema_version": 0,
          "private": "bnVsbA==",
          "dependencies": [
            "cloudsmith_repository.qa",
            "cloudsmith_team.promoters",
            "cloudsmith_team.publishers"
          ]
        }
      ]
    },
    {
      "mode": "managed",
      "type": "cloudsmith_service",
      "name": "ci_publisher",
      "provider": "provider[\"registry.terraform.io/cloudsmith-io/cloudsmith\"]",
      "instances": [
        {
          "schema_version": 0,
          "attributes": {
            "description": "",
            "id": "acme-ci-publisher",
            "key": "csa_61a8e7e1477c9e882371b8fbee90d8v1KJkA",
            "name": "acme-ci-publisher",
            "organization": "atulya_s",
            "role": "Member",
            "rotate_api_key": null,
            "slug": "acme-ci-publisher",
            "store_api_key": true,
            "team": [
              {
                "role": "Manager",
                "slug": "ci-publishers"
              }
            ]
          },
          "sensitive_attributes": [
            [
              {
                "type": "get_attr",
                "value": "key"
              }
            ]
          ],
          "identity_schema_version": 0,
          "private": "bnVsbA==",
          "dependencies": [
            "cloudsmith_team.publishers"
          ]
        }
      ]
    },
    {
      "mode": "managed",
      "type": "cloudsmith_service",
      "name": "prod_promoter",
      "provider": "provider[\"registry.terraform.io/cloudsmith-io/cloudsmith\"]",
      "instances": [
        {
          "schema_version": 0,
          "attributes": {
            "description": "",
            "id": "acme-prod-promoter",
            "key": "csa_14bc3b0fe0749251c2b8e7d8eb26720nveqw",
            "name": "acme-prod-promoter",
            "organization": "atulya_s",
            "role": "Member",
            "rotate_api_key": null,
            "slug": "acme-prod-promoter",
            "store_api_key": true,
            "team": [
              {
                "role": "Manager",
                "slug": "prod-promoters"
              }
            ]
          },
          "sensitive_attributes": [
            [
              {
                "type": "get_attr",
                "value": "key"
              }
            ]
          ],
          "identity_schema_version": 0,
          "private": "bnVsbA==",
          "dependencies": [
            "cloudsmith_team.promoters"
          ]
        }
      ]
    },
    {
      "mode": "managed",
      "type": "cloudsmith_team",
      "name": "promoters",
      "provider": "provider[\"registry.terraform.io/cloudsmith-io/cloudsmith\"]",
      "instances": [
        {
          "schema_version": 0,
          "attributes": {
            "description": "",
            "id": "ac80qPc8NYnr",
            "name": "prod-promoters",
            "organization": "atulya_s",
            "slug": "prod-promoters",
            "slug_perm": "ac80qPc8NYnr",
            "visibility": "Visible"
          },
          "sensitive_attributes": [],
          "identity_schema_version": 0,
          "private": "bnVsbA=="
        }
      ]
    },
    {
      "mode": "managed",
      "type": "cloudsmith_team",
      "name": "publishers",
      "provider": "provider[\"registry.terraform.io/cloudsmith-io/cloudsmith\"]",
      "instances": [
        {
          "schema_version": 0,
          "attributes": {
            "description": "",
            "id": "fHFYstGfWsrx",
            "name": "ci-publishers",
            "organization": "atulya_s",
            "slug": "ci-publishers",
            "slug_perm": "fHFYstGfWsrx",
            "visibility": "Visible"
          },
          "sensitive_attributes": [],
          "identity_schema_version": 0,
          "private": "bnVsbA=="
        }
      ]
    }
  ],
  "check_results": null
}
